
Microsoft Visual Studio Solution File, Format Version 12.00
# Visual Studio Version 16
VisualStudioVersion = 16.0.29326.143
MinimumVisualStudioVersion = 10.0.40219.1
Project("{FAE04EC0-301F-11D3-BF4B-00C04F79EFBC}") = "PortaleMusei", "PortaleMusei\PortaleMusei.csproj", "{1473D0E9-8F7C-4A82-B1CF-1452018915C1}"
EndProject
Global
	GlobalSection(SolutionConfigurationPlatforms) = preSolution
		Debug|Any CPU = Debug|Any CPU
		Release|Any CPU = Release|Any CPU
	EndGlobalSection
	GlobalSection(ProjectConfigurationPlatforms) = postSolution
		{1473D0E9-8F7C-4A82-B1CF-1452018915C1}.Debug|Any CPU.ActiveCfg = Debug|Any CPU
		{1473D0E9-8F7C-4A82-B1CF-1452018915C1}.Debug|Any CPU.Build.0 = Debug|Any CPU
		{1473D0E9-8F7C-4A82-B1CF-1452018915C1}.Release|Any CPU.ActiveCfg = Release|Any CPU
		{1473D0E9-8F7C-4A82-B1CF-1452018915C1}.Release|Any CPU.Build.0 = Release|Any CPU
	EndGlobalSection
	GlobalSection(SolutionProperties) = preSolution
		HideSolutionNode = FALSE
	EndGlobalSection
	GlobalSection(ExtensibilityGlobals) = postSolution
		SolutionGuid = {EB573833-857A-4F87-8A0C-F7744A98AB6B}
	EndGlobalSection
EndGlobal
